{
  "name": "nvim",
  "version": "1.0.0",
  "lockfileVersion": 3,
  "requires": true,
  "packages": {
    "": {
      "name": "nvim",
      "version": "1.0.0",
      "license": "ISC",
      "dependencies": {
        "@vscode/codicons": "^0.0.35",
        "coc-html": "^1.8.0"
      }
    },
    "node_modules/@vscode/codicons": {
      "version": "0.0.35",
      "resolved": "https://registry.npmjs.org/@vscode/codicons/-/codicons-0.0.35.tgz",
      "integrity": "sha512-7iiKdA5wHVYSbO7/Mm0hiHD3i4h+9hKUe1O4hISAe/nHhagMwb2ZbFC8jU6d7Cw+JNT2dWXN2j+WHbkhT5/l2w=="
    },
    "node_modules/coc-html": {
      "version": "1.8.0",
      "resolved": "https://registry.npmjs.org/coc-html/-/coc-html-1.8.0.tgz",
      "integrity": "sha512-NXmTfHF/TxysUeSstDyLUcfv6LlK08PnltVZCe1J7XpG/QHRRq0sjhkNqkHJVfFT/Vo2NC4lv5Bc9UIWdjGGuw==",
      "dependencies": {
        "typescript": "^4.3"
      },
      "engines": {
        "coc": "^0.0.80"
      }
    },
    "node_modules/typescript": {
      "version": "4.9.5",
      "resolved": "https://registry.npmjs.org/typescript/-/typescript-4.9.5.tgz",
      "integrity": "sha512-1FXk9E2Hm+QzZQ7z+McJiHL4NW1F2EzMu9Nq9i3zAaGqibafqYwCVU6WyWAuyQRRzOlxou8xZSyXLEN8oKj24g==",
      "bin": {
        "tsc": "bin/tsc",
        "tsserver": "bin/tsserver"
      },
      "engines": {
        "node": ">=4.2.0"
      }
    }
  }
}
